// !$*UTF8*$!
{
	archiveVersion = 1;
	classes = {
	};
	objectVersion = 50;
	objects = {

/* Begin PBXBuildFile section */
		7619C094238889CF00945310 /* AppDelegate.swift in Sources */ = {isa = PBXBuildFile; fileRef = 7619C093238889CF00945310 /* AppDelegate.swift */; };
		7619C096238889CF00945310 /* SceneDelegate.swift in Sources */ = {isa = PBXBuildFile; fileRef = 7619C095238889CF00945310 /* SceneDelegate.swift */; };
		7619C098238889CF00945310 /* ViewController.swift in Sources */ = {isa = PBXBuildFile; fileRef = 7619C097238889CF00945310 /* ViewController.swift */; };
		7619C09B238889CF00945310 /* Main.storyboard in Resources */ = {isa = PBXBuildFile; fileRef = 7619C099238889CF00945310 /* Main.storyboard */; };
		7619C09D238889D000945310 /* Assets.xcassets in Resources */ = {isa = PBXBuildFile; fileRef = 7619C09C238889D000945310 /* Assets.xcassets */; };
		7619C0A0238889D000945310 /* LaunchScreen.storyboard in Resources */ = {isa = PBXBuildFile; fileRef = 7619C09E238889D000945310 /* LaunchScreen.storyboard */; };
		D4BF206481CA39885574EDE5 /* Pods_Azkary.framework in Frameworks */ = {isa = PBXBuildFile; fileRef = 7E0C1C6AE7B0C7494CE43343 /* Pods_Azkary.framework */; };
/* End PBXBuildFile section */

/* Begin PBXFileReference section */
		7619C090238889CF00945310 /* Azkary.app */ = {isa = PBXFileReference; explicitFileType = wrapper.application; includeInIndex = 0; path = Azkary.app; sourceTree = BUILT_PRODUCTS_DIR; };
		7619C093238889CF00945310 /* AppDelegate.swift */ = {isa = PBXFileReference; lastKnownFileType = sourcecode.swift; path = AppDelegate.swift; sourceTree = "<group>"; };
		7619C095238889CF00945310 /* SceneDelegate.swift */ = {isa = PBXFileReference; lastKnownFileType = sourcecode.swift; path = SceneDelegate.swift; sourceTree = "<group>"; };
		7619C097238889CF00945310 /* ViewController.swift */ = {isa = PBXFileReference; lastKnownFileType = sourcecode.swift; path = ViewController.swift; sourceTree = "<group>"; };
		7619C09A238889CF00945310 /* Base */ = {isa = PBXFileReference; lastKnownFileType = file.storyboard; name = Base; path = Base.lproj/Main.storyboard; sourceTree = "<group>"; };
		7619C09C238889D000945310 /* Assets.xcassets */ = {isa = PBXFileReference; lastKnownFileType = folder.assetcatalog; path = Assets.xcassets; sourceTree = "<group>"; };
		7619C09F238889D000945310 /* Base */ = {isa = PBXFileReference; lastKnownFileType = file.storyboard; name = Base; path = Base.lproj/LaunchScreen.storyboard; sourceTree = "<group>"; };
		7619C0A1238889D000945310 /* Info.plist */ = {isa = PBXFileReference; lastKnownFileType = text.plist.xml; path = Info.plist; sourceTree = "<group>"; };
		7E0C1C6AE7B0C7494CE43343 /* Pods_Azkary.framework */ = {isa = PBXFileReference; explicitFileType = wrapper.framework; includeInIndex = 0; path = Pods_Azkary.framework; sourceTree = BUILT_PRODUCTS_DIR; };
		9AFD42E59DD09C105D250EE7 /* Pods-Azkary.release.xcconfig */ = {isa = PBXFileReference; includeInIndex = 1; lastKnownFileType = text.xcconfig; name = "Pods-Azkary.release.xcconfig"; path = "Target Support Files/Pods-Azkary/Pods-Azkary.release.xcconfig"; sourceTree = "<group>"; };
		E7BFAD6F09D23019DA2C93FE /* Pods-Azkary.debug.xcconfig */ = {isa = PBXFileReference; includeInIndex = 1; lastKnownFileType = text.xcconfig; name = "Pods-Azkary.debug.xcconfig"; path = "Target Support Files/Pods-Azkary/Pods-Azkary.debug.xcconfig"; sourceTree = "<group>"; };
/* End PBXFileReference section */

/* Begin PBXFrameworksBuildPhase section */
		7619C08D238889CF00945310 /* Frameworks */ = {
			isa = PBXFrameworksBuildPhase;
			buildActionMask = 2147483647;
			files = (
				D4BF206481CA39885574EDE5 /* Pods_Azkary.framework in Frameworks */,
			);
			runOnlyForDeploymentPostprocessing = 0;
		};
/* End PBXFrameworksBuildPhase section */

/* Begin PBXGroup section */
		0A0F8A22EDE3C10E20288288 /* Pods */ = {
			isa = PBXGroup;
			children = (
				E7BFAD6F09D23019DA2C93FE /* Pods-Azkary.debug.xcconfig */,
				9AFD42E59DD09C105D250EE7 /* Pods-Azkary.release.xcconfig */,
			);
			name = Pods;
			path = Pods;
			sourceTree = "<group>";
		};
		7619C087238889CF00945310 = {
			isa = PBXGroup;
			children = (
				7619C092238889CF00945310 /* Azkary */,
				7619C091238889CF00945310 /* Products */,
				0A0F8A22EDE3C10E20288288 /* Pods */,
				F903F1062659FA1104841A1D /* Frameworks */,
			);
			sourceTree = "<group>";
		};
		7619C091238889CF00945310 /* Products */ = {
			isa = PBXGroup;
			children = (
				7619C090238889CF00945310 /* Azkary.app */,
			);
			name = Products;
			sourceTree = "<group>";
		};
		7619C092238889CF00945310 /* Azkary */ = {
			isa = PBXGroup;
			children = (
				7619C093238889CF00945310 /* AppDelegate.swift */,
				7619C095238889CF00945310 /* SceneDelegate.swift */,
				7619C097238889CF00945310 /* ViewController.swift */,
				7619C099238889CF00945310 /* Main.storyboard */,
				7619C09C238889D000945310 /* Assets.xcassets */,
				7619C09E238889D000945310 /* LaunchScreen.storyboard */,
				7619C0A1238889D000945310 /* Info.plist */,
			);
			path = Azkary;
			sourceTree = "<group>";
		};
		F903F1062659FA1104841A1D /* Frameworks */ = {
			isa = PBXGroup;
			children = (
				7E0C1C6AE7B0C7494CE43343 /* Pods_Azkary.framework */,
			);
			name = Frameworks;
			sourceTree = "<group>";
		};
/* End PBXGroup section */

/* Begin PBXNativeTarget section */
		7619C08F238889CF00945310 /* Azkary */ = {
			isa = PBXNativeTarget;
			buildConfigurationList = 7619C0A4238889D000945310 /* Build configuration list for PBXNativeTarget "Azkary" */;
			buildPhases = (
				7DBFB54E99F25C54B8B48FBA /* [CP] Check Pods Manifest.lock */,
				7619C08C238889CF00945310 /* Sources */,
				7619C08D238889CF00945310 /* Frameworks */,
				7619C08E238889CF00945310 /* Resources */,
				9403423687CFCA39B8492E88 /* [CP] Embed Pods Frameworks */,
			);
			buildRules = (
			);
			dependencies = (
			);
			name = Azkary;
			productName = Azkary;
			productReference = 7619C090238889CF00945310 /* Azkary.app */;
			productType = "com.apple.product-type.application";
		};
/* End PBXNativeTarget section */

/* Begin PBXProject section */
		7619C088238889CF00945310 /* Project object */ = {
			isa = PBXProject;
			attributes = {
				LastSwiftUpdateCheck = 1120;
				LastUpgradeCheck = 1120;
				ORGANIZATIONNAME = "Ahmed Afifi";
				TargetAttributes = {
					7619C08F238889CF00945310 = {
						CreatedOnToolsVersion = 11.2.1;
					};
				};
			};
			buildConfigurationList = 7619C08B238889CF00945310 /* Build configuration list for PBXProject "Azkary" */;
			compatibilityVersion = "Xcode 9.3";
			developmentRegion = en;
			hasScannedForEncodings = 0;
			knownRegions = (
				en,
				Base,
			);
			mainGroup = 7619C087238889CF00945310;
			productRefGroup = 7619C091238889CF00945310 /* Products */;
			projectDirPath = "";
			projectRoot = "";
			targets = (
				7619C08F238889CF00945310 /* Azkary */,
			);
		};
/* End PBXProject section */

/* Begin PBXResourcesBuildPhase section */
		7619C08E238889CF00945310 /* Resources */ = {
			isa = PBXResourcesBuildPhase;
			buildActionMask = 2147483647;
			files = (
				7619C0A0238889D000945310 /* LaunchScreen.storyboard in Resources */,
				7619C09D238889D000945310 /* Assets.xcassets in Resources */,
				7619C09B238889CF00945310 /* Main.storyboard in Resources */,
			);
			runOnlyForDeploymentPostprocessing = 0;
		};
/* End PBXResourcesBuildPhase section */

/* Begin PBXShellScriptBuildPhase section */
		7DBFB54E99F25C54B8B48FBA /* [CP] Check Pods Manifest.lock */ = {
			isa = PBXShellScriptBuildPhase;
			buildActionMask = 2147483647;
			files = (
			);
			inputFileListPaths = (
			);
			inputPaths = (
				"${PODS_PODFILE_DIR_PATH}/Podfile.lock",
				"${PODS_ROOT}/Manifest.lock",
			);
			name = "[CP] Check Pods Manifest.lock";
			outputFileListPaths = (
			);
			outputPaths = (
				"$(DERIVED_FILE_DIR)/Pods-Azkary-checkManifestLockResult.txt",
			);
			runOnlyForDeploymentPostprocessing = 0;
			shellPath = /bin/sh;
			shellScript = "diff \"${PODS_PODFILE_DIR_PATH}/Podfile.lock\" \"${PODS_ROOT}/Manifest.lock\" > /dev/null\nif [ $? != 0 ] ; then\n    # print error to STDERR\n    echo \"error: The sandbox is not in sync with the Podfile.lock. Run 'pod install' or update your CocoaPods installation.\" >&2\n    exit 1\nfi\n# This output is used by Xcode 'outputs' to avoid re-running this script phase.\necho \"SUCCESS\" > \"${SCRIPT_OUTPUT_FILE_0}\"\n";
			showEnvVarsInLog = 0;
		};
		9403423687CFCA39B8492E88 /* [CP] Embed Pods Frameworks */ = {
			isa = PBXShellScriptBuildPhase;
			buildActionMask = 2147483647;
			files = (
			);
			inputFileListPaths = (
				"${PODS_ROOT}/Target Support Files/Pods-Azkary/Pods-Azkary-frameworks-${CONFIGURATION}-input-files.xcfilelist",
			);
			name = "[CP] Embed Pods Frameworks";
			outputFileListPaths = (
				"${PODS_ROOT}/Target Support Files/Pods-Azkary/Pods-Azkary-frameworks-${CONFIGURATION}-output-files.xcfilelist",
			);
			runOnlyForDeploymentPostprocessing = 0;
			shellPath = /bin/sh;
			shellScript = "\"${PODS_ROOT}/Target Support Files/Pods-Azkary/Pods-Azkary-frameworks.sh\"\n";
			showEnvVarsInLog = 0;
		};
/* End PBXShellScriptBuildPhase section */

/* Begin PBXSourcesBuildPhase section */
		7619C08C238889CF00945310 /* Sources */ = {
			isa = PBXSourcesBuildPhase;
			buildActionMask = 2147483647;
			files = (
				7619C098238889CF00945310 /* ViewController.swift in Sources */,
				7619C094238889CF00945310 /* AppDelegate.swift in Sources */,
				7619C096238889CF00945310 /* SceneDelegate.swift in Sources */,
			);
			runOnlyForDeploymentPostprocessing = 0;
		};
/* End PBXSourcesBuildPhase section */

/* Begin PBXVariantGroup section */
		7619C099238889CF00945310 /* Main.storyboard */ = {
			isa = PBXVariantGroup;
			children = (
				7619C09A238889CF00945310 /* Base */,
			);
			name = Main.storyboard;
			sourceTree = "<group>";
		};
		7619C09E238889D000945310 /* LaunchScreen.storyboard */ = {
			isa = PBXVariantGroup;
			children = (
				7619C09F238889D000945310 /* Base */,
			);
			name = LaunchScreen.storyboard;
			sourceTree = "<group>";
		};
/* End PBXVariantGroup section */

/* Begin XCBuildConfiguration section */
		7619C0A2238889D000945310 /* Debug */ = {
			isa = XCBuildConfiguration;
			buildSettings = {
				ALWAYS_SEARCH_USER_PATHS = NO;
				CLANG_ANALYZER_NONNULL = YES;
				CLANG_ANALYZER_NUMBER_OBJECT_CONVERSION = YES_AGGRESSIVE;
				CLANG_CXX_LANGUAGE_STANDARD = "gnu++14";
				CLANG_CXX_LIBRARY = "libc++";
				CLANG_ENABLE_MODULES = YES;
				CLANG_ENABLE_OBJC_ARC = YES;
				CLANG_ENABLE_OBJC_WEAK = YES;
				CLANG_WARN_BLOCK_CAPTURE_AUTORELEASING = YES;
				CLANG_WARN_BOOL_CONVERSION = YES;
				CLANG_WARN_COMMA = YES;
				CLANG_WARN_CONSTANT_CONVERSION = YES;
				CLANG_WARN_DEPRECATED_OBJC_IMPLEMENTATIONS = YES;
				CLANG_WARN_DIRECT_OBJC_ISA_USAGE = YES_ERROR;
				CLANG_WARN_DOCUMENTATION_COMMENTS = YES;
				CLANG_WARN_EMPTY_BODY = YES;
				CLANG_WARN_ENUM_CONVERSION = YES;
				CLANG_WARN_INFINITE_RECURSION = YES;
				CLANG_WARN_INT_CONVERSION = YES;
				CLANG_WARN_NON_LITERAL_NULL_CONVERSION = YES;
				CLANG_WARN_OBJC_IMPLICIT_RETAIN_SELF = YES;
				CLANG_WARN_OBJC_LITERAL_CONVERSION = YES;
				CLANG_WARN_OBJC_ROOT_CLASS = YES_ERROR;
				CLANG_WARN_RANGE_LOOP_ANALYSIS = YES;
				CLANG_WARN_STRICT_PROTOTYPES = YES;
				CLANG_WARN_SUSPICIOUS_MOVE = YES;
				CLANG_WARN_UNGUARDED_AVAILABILITY = YES_AGGRESSIVE;
				CLANG_WARN_UNREACHABLE_CODE = YES;
				CLANG_WARN__DUPLICATE_METHOD_MATCH = YES;
				COPY_PHASE_STRIP = NO;
				DEBUG_INFORMATION_FORMAT = dwarf;
				ENABLE_STRICT_OBJC_MSGSEND = YES;
				ENABLE_TESTABILITY = YES;
				GCC_C_LANGUAGE_STANDARD = gnu11;
				GCC_DYNAMIC_NO_PIC = NO;
				GCC_NO_COMMON_BLOCKS = YES;
				GCC_OPTIMIZATION_LEVEL = 0;
				GCC_PREPROCESSOR_DEFINITIONS = (
					"DEBUG=1",
					"$(inherited)",
				);
				GCC_WARN_64_TO_32_BIT_CONVERSION = YES;
				GCC_WARN_ABOUT_RETURN_TYPE = YES_ERROR;
				GCC_WARN_UNDECLARED_SELECTOR = YES;
				GCC_WARN_UNINITIALIZED_AUTOS = YES_AGGRESSIVE;
				GCC_WARN_UNUSED_FUNCTION = YES;
				GCC_WARN_UNUSED_VARIABLE = YES;
				IPHONEOS_DEPLOYMENT_TARGET = 13.2;
				MTL_ENABLE_DEBUG_INFO = INCLUDE_SOURCE;
				MTL_FAST_MATH = YES;
				ONLY_ACTIVE_ARCH = YES;
				SDKROOT = iphoneos;
				SWIFT_ACTIVE_COMPILATION_CONDITIONS = DEBUG;
				SWIFT_OPTIMIZATION_LEVEL = "-Onone";
			};
			name = Debug;
		};
		7619C0A3238889D000945310 /* Release */ = {
			isa = XCBuildConfiguration;
			buildSettings = {
				ALWAYS_SEARCH_USER_PATHS = NO;
				CLANG_ANALYZER_NONNULL = YES;
				CLANG_ANALYZER_NUMBER_OBJECT_CONVERSION = YES_AGGRESSIVE;
				CLANG_CXX_LANGUAGE_STANDARD = "gnu++14";
				CLANG_CXX_LIBRARY = "libc++";
				CLANG_ENABLE_MODULES = YES;
				CLANG_ENABLE_OBJC_ARC = YES;
				CLANG_ENABLE_OBJC_WEAK = YES;
				CLANG_WARN_BLOCK_CAPTURE_AUTORELEASING = YES;
				CLANG_WARN_BOOL_CONVERSION = YES;
				CLANG_WARN_COMMA = YES;
				CLANG_WARN_CONSTANT_CONVERSION = YES;
				CLANG_WARN_DEPRECATED_OBJC_IMPLEMENTATIONS = YES;
				CLANG_WARN_DIRECT_OBJC_ISA_USAGE = YES_ERROR;
				CLANG_WARN_DOCUMENTATION_COMMENTS = YES;
				CLANG_WARN_EMPTY_BODY = YES;
				CLANG_WARN_ENUM_CONVERSION = YES;
				CLANG_WARN_INFINITE_RECURSION = YES;
				CLANG_WARN_INT_CONVERSION = YES;
				CLANG_WARN_NON_LITERAL_NULL_CONVERSION = YES;
				CLANG_WARN_OBJC_IMPLICIT_RETAIN_SELF = YES;
				CLANG_WARN_OBJC_LITERAL_CONVERSION = YES;
				CLANG_WARN_OBJC_ROOT_CLASS = YES_ERROR;
				CLANG_WARN_RANGE_LOOP_ANALYSIS = YES;
				CLANG_WARN_STRICT_PROTOTYPES = YES;
				CLANG_WARN_SUSPICIOUS_MOVE = YES;
				CLANG_WARN_UNGUARDED_AVAILABILITY = YES_AGGRESSIVE;
				CLANG_WARN_UNREACHABLE_CODE = YES;
				CLANG_WARN__DUPLICATE_METHOD_MATCH = YES;
				COPY_PHASE_STRIP = NO;
				DEBUG_INFORMATION_FORMAT = "dwarf-with-dsym";
				ENABLE_NS_ASSERTIONS = NO;
				ENABLE_STRICT_OBJC_MSGSEND = YES;
				GCC_C_LANGUAGE_STANDARD = gnu11;
				GCC_NO_COMMON_BLOCKS = YES;
				GCC_WARN_64_TO_32_BIT_CONVERSION = YES;
				GCC_WARN_ABOUT_RETURN_TYPE = YES_ERROR;
				GCC_WARN_UNDECLARED_SELECTOR = YES;
				GCC_WARN_UNINITIALIZED_AUTOS = YES_AGGRESSIVE;
				GCC_WARN_UNUSED_FUNCTION = YES;
				GCC_WARN_UNUSED_VARIABLE = YES;
				IPHONEOS_DEPLOYMENT_TARGET = 13.2;
				MTL_ENABLE_DEBUG_INFO = NO;
				MTL_FAST_MATH = YES;
				SDKROOT = iphoneos;
				SWIFT_COMPILATION_MODE = wholemodule;
				SWIFT_OPTIMIZATION_LEVEL = "-O";
				VALIDATE_PRODUCT = YES;
			};
			name = Release;
		};
		7619C0A5238889D000945310 /* Debug */ = {
			isa = XCBuildConfiguration;
			baseConfigurationReference = E7BFAD6F09D23019DA2C93FE /* Pods-Azkary.debug.xcconfig */;
			buildSettings = {
				ASSETCATALOG_COMPILER_APPICON_NAME = AppIcon;
				CODE_SIGN_STYLE = Automatic;
				DEVELOPMENT_TEAM = 68NL7XQ986;
				INFOPLIST_FILE = Azkary/Info.plist;
				LD_RUNPATH_SEARCH_PATHS = (
					"$(inherited)",
					"@executable_path/Frameworks",
				);
				PRODUCT_BUNDLE_IDENTIFIER = com.AhmedAfifi.Azkary;
				PRODUCT_NAME = "$(TARGET_NAME)";
				SWIFT_VERSION = 5.0;
				TARGETED_DEVICE_FAMILY = "1,2";
			};
			name = Debug;
		};
		7619C0A6238889D000945310 /* Release */ = {
			isa = XCBuildConfiguration;
			baseConfigurationReference = 9AFD42E59DD09C105D250EE7 /* Pods-Azkary.release.xcconfig */;
			buildSettings = {
				ASSETCATALOG_COMPILER_APPICON_NAME = AppIcon;
				CODE_SIGN_STYLE = Automatic;
				DEVELOPMENT_TEAM = 68NL7XQ986;
				INFOPLIST_FILE = Azkary/Info.plist;
				LD_RUNPATH_SEARCH_PATHS = (
					"$(inherited)",
					"@executable_path/Frameworks",
				);
				PRODUCT_BUNDLE_IDENTIFIER = com.AhmedAfifi.Azkary;
				PRODUCT_NAME = "$(TARGET_NAME)";
				SWIFT_VERSION = 5.0;
				TARGETED_DEVICE_FAMILY = "1,2";
			};
			name = Release;
		};
/* End XCBuildConfiguration section */

/* Begin XCConfigurationList section */
		7619C08B238889CF00945310 /* Build configuration list for PBXProject "Azkary" */ = {
			isa = XCConfigurationList;
			buildConfigurations = (
				7619C0A2238889D000945310 /* Debug */,
				7619C0A3238889D000945310 /* Release */,
			);
			defaultConfigurationIsVisible = 0;
			defaultConfigurationName = Release;
		};
		7619C0A4238889D000945310 /* Build configuration list for PBXNativeTarget "Azkary" */ = {
			isa = XCConfigurationList;
			buildConfigurations = (
				7619C0A5238889D000945310 /* Debug */,
				7619C0A6238889D000945310 /* Release */,
			);
			defaultConfigurationIsVisible = 0;
			defaultConfigurationName = Release;
		};
/* End XCConfigurationList section */
	};
	rootObject = 7619C088238889CF00945310 /* Project object */;
}
